// !$*UTF8*$!
{
	archiveVersion = 1;
	classes = {
	};
	objectVersion = 56;
	objects = {

/* Begin PBXBuildFile section */
		CA34155C2BB24B1500EAA5FC /* TodoStudyTestApp.swift in Sources */ = {isa = PBXBuildFile; fileRef = CA34155B2BB24B1500EAA5FC /* TodoStudyTestApp.swift */; };
		CA3415602BB24B1600EAA5FC /* Assets.xcassets in Resources */ = {isa = PBXBuildFile; fileRef = CA34155F2BB24B1600EAA5FC /* Assets.xcassets */; };
		CA3415632BB24B1600EAA5FC /* Preview Assets.xcassets in Resources */ = {isa = PBXBuildFile; fileRef = CA3415622BB24B1600EAA5FC /* Preview Assets.xcassets */; };
		CA34156D2BB24B6F00EAA5FC /* TodoMainView.swift in Sources */ = {isa = PBXBuildFile; fileRef = CA34156C2BB24B6F00EAA5FC /* TodoMainView.swift */; };
		CA34156F2BB2528900EAA5FC /* TodoMainListItemView.swift in Sources */ = {isa = PBXBuildFile; fileRef = CA34156E2BB2528900EAA5FC /* TodoMainListItemView.swift */; };
		CA3415712BB256BB00EAA5FC /* TodoModel.swift in Sources */ = {isa = PBXBuildFile; fileRef = CA3415702BB256BB00EAA5FC /* TodoModel.swift */; };
		CA3415732BB2575800EAA5FC /* TodoMainViewModel.swift in Sources */ = {isa = PBXBuildFile; fileRef = CA3415722BB2575800EAA5FC /* TodoMainViewModel.swift */; };
		CA3415752BB25AE600EAA5FC /* TodoAddView.swift in Sources */ = {isa = PBXBuildFile; fileRef = CA3415742BB25AE600EAA5FC /* TodoAddView.swift */; };
		CA3415772BB293B500EAA5FC /* TodoMainEmptyListView.swift in Sources */ = {isa = PBXBuildFile; fileRef = CA3415762BB293B500EAA5FC /* TodoMainEmptyListView.swift */; };
/* End PBXBuildFile section */

/* Begin PBXFileReference section */
		CA3415582BB24B1500EAA5FC /* TodoStudyTest.app */ = {isa = PBXFileReference; explicitFileType = wrapper.application; includeInIndex = 0; path = TodoStudyTest.app; sourceTree = BUILT_PRODUCTS_DIR; };
		CA34155B2BB24B1500EAA5FC /* TodoStudyTestApp.swift */ = {isa = PBXFileReference; lastKnownFileType = sourcecode.swift; path = TodoStudyTestApp.swift; sourceTree = "<group>"; };
		CA34155F2BB24B1600EAA5FC /* Assets.xcassets */ = {isa = PBXFileReference; lastKnownFileType = folder.assetcatalog; path = Assets.xcassets; sourceTree = "<group>"; };
		CA3415622BB24B1600EAA5FC /* Preview Assets.xcassets */ = {isa = PBXFileReference; lastKnownFileType = folder.assetcatalog; path = "Preview Assets.xcassets"; sourceTree = "<group>"; };
		CA34156C2BB24B6F00EAA5FC /* TodoMainView.swift */ = {isa = PBXFileReference; lastKnownFileType = sourcecode.swift; path = TodoMainView.swift; sourceTree = "<group>"; };
		CA34156E2BB2528900EAA5FC /* TodoMainListItemView.swift */ = {isa = PBXFileReference; lastKnownFileType = sourcecode.swift; path = TodoMainListItemView.swift; sourceTree = "<group>"; };
		CA3415702BB256BB00EAA5FC /* TodoModel.swift */ = {isa = PBXFileReference; lastKnownFileType = sourcecode.swift; path = TodoModel.swift; sourceTree = "<group>"; };
		CA3415722BB2575800EAA5FC /* TodoMainViewModel.swift */ = {isa = PBXFileReference; lastKnownFileType = sourcecode.swift; path = TodoMainViewModel.swift; sourceTree = "<group>"; };
		CA3415742BB25AE600EAA5FC /* TodoAddView.swift */ = {isa = PBXFileReference; lastKnownFileType = sourcecode.swift; path = TodoAddView.swift; sourceTree = "<group>"; };
		CA3415762BB293B500EAA5FC /* TodoMainEmptyListView.swift */ = {isa = PBXFileReference; lastKnownFileType = sourcecode.swift; path = TodoMainEmptyListView.swift; sourceTree = "<group>"; };
/* End PBXFileReference section */

/* Begin PBXFrameworksBuildPhase section */
		CA3415552BB24B1500EAA5FC /* Frameworks */ = {
			isa = PBXFrameworksBuildPhase;
			buildActionMask = 2147483647;
			files = (
			);
			runOnlyForDeploymentPostprocessing = 0;
		};
/* End PBXFrameworksBuildPhase section */

/* Begin PBXGroup section */
		CA34154F2BB24B1500EAA5FC = {
			isa = PBXGroup;
			children = (
				CA34155A2BB24B1500EAA5FC /* TodoStudyTest */,
				CA3415592BB24B1500EAA5FC /* Products */,
			);
			sourceTree = "<group>";
		};
		CA3415592BB24B1500EAA5FC /* Products */ = {
			isa = PBXGroup;
			children = (
				CA3415582BB24B1500EAA5FC /* TodoStudyTest.app */,
			);
			name = Products;
			sourceTree = "<group>";
		};
		CA34155A2BB24B1500EAA5FC /* TodoStudyTest */ = {
			isa = PBXGroup;
			children = (
				CA34156B2BB24B4700EAA5FC /* Views */,
				CA34156A2BB24B3F00EAA5FC /* ViewModels */,
				CA3415692BB24B3400EAA5FC /* Models */,
				CA34155B2BB24B1500EAA5FC /* TodoStudyTestApp.swift */,
				CA34155F2BB24B1600EAA5FC /* Assets.xcassets */,
				CA3415612BB24B1600EAA5FC /* Preview Content */,
			);
			path = TodoStudyTest;
			sourceTree = "<group>";
		};
		CA3415612BB24B1600EAA5FC /* Preview Content */ = {
			isa = PBXGroup;
			children = (
				CA3415622BB24B1600EAA5FC /* Preview Assets.xcassets */,
			);
			path = "Preview Content";
			sourceTree = "<group>";
		};
		CA3415692BB24B3400EAA5FC /* Models */ = {
			isa = PBXGroup;
			children = (
				CA3415702BB256BB00EAA5FC /* TodoModel.swift */,
			);
			path = Models;
			sourceTree = "<group>";
		};
		CA34156A2BB24B3F00EAA5FC /* ViewModels */ = {
			isa = PBXGroup;
			children = (
				CA3415722BB2575800EAA5FC /* TodoMainViewModel.swift */,
			);
			path = ViewModels;
			sourceTree = "<group>";
		};
		CA34156B2BB24B4700EAA5FC /* Views */ = {
			isa = PBXGroup;
			children = (
				CA34156C2BB24B6F00EAA5FC /* TodoMainView.swift */,
				CA34156E2BB2528900EAA5FC /* TodoMainListItemView.swift */,
				CA3415742BB25AE600EAA5FC /* TodoAddView.swift */,
				CA3415762BB293B500EAA5FC /* TodoMainEmptyListView.swift */,
			);
			path = Views;
			sourceTree = "<group>";
		};
/* End PBXGroup section */

/* Begin PBXNativeTarget section */
		CA3415572BB24B1500EAA5FC /* TodoStudyTest */ = {
			isa = PBXNativeTarget;
			buildConfigurationList = CA3415662BB24B1600EAA5FC /* Build configuration list for PBXNativeTarget "TodoStudyTest" */;
			buildPhases = (
				CA3415542BB24B1500EAA5FC /* Sources */,
				CA3415552BB24B1500EAA5FC /* Frameworks */,
				CA3415562BB24B1500EAA5FC /* Resources */,
			);
			buildRules = (
			);
			dependencies = (
			);
			name = TodoStudyTest;
			productName = TodoStudyTest;
			productReference = CA3415582BB24B1500EAA5FC /* TodoStudyTest.app */;
			productType = "com.apple.product-type.application";
		};
/* End PBXNativeTarget section */

/* Begin PBXProject section */
		CA3415502BB24B1500EAA5FC /* Project object */ = {
			isa = PBXProject;
			attributes = {
				BuildIndependentTargetsInParallel = 1;
				LastSwiftUpdateCheck = 1530;
				LastUpgradeCheck = 1530;
				TargetAttributes = {
					CA3415572BB24B1500EAA5FC = {
						CreatedOnToolsVersion = 15.3;
					};
				};
			};
			buildConfigurationList = CA3415532BB24B1500EAA5FC /* Build configuration list for PBXProject "TodoStudyTest" */;
			compatibilityVersion = "Xcode 14.0";
			developmentRegion = en;
			hasScannedForEncodings = 0;
			knownRegions = (
				en,
				Base,
			);
			mainGroup = CA34154F2BB24B1500EAA5FC;
			productRefGroup = CA3415592BB24B1500EAA5FC /* Products */;
			projectDirPath = "";
			projectRoot = "";
			targets = (
				CA3415572BB24B1500EAA5FC /* TodoStudyTest */,
			);
		};
/* End PBXProject section */

/* Begin PBXResourcesBuildPhase section */
		CA3415562BB24B1500EAA5FC /* Resources */ = {
			isa = PBXResourcesBuildPhase;
			buildActionMask = 2147483647;
			files = (
				CA3415632BB24B1600EAA5FC /* Preview Assets.xcassets in Resources */,
				CA3415602BB24B1600EAA5FC /* Assets.xcassets in Resources */,
			);
			runOnlyForDeploymentPostprocessing = 0;
		};
/* End PBXResourcesBuildPhase section */

/* Begin PBXSourcesBuildPhase section */
		CA3415542BB24B1500EAA5FC /* Sources */ = {
			isa = PBXSourcesBuildPhase;
			buildActionMask = 2147483647;
			files = (
				CA34156F2BB2528900EAA5FC /* TodoMainListItemView.swift in Sources */,
				CA3415712BB256BB00EAA5FC /* TodoModel.swift in Sources */,
				CA3415752BB25AE600EAA5FC /* TodoAddView.swift in Sources */,
				CA3415772BB293B500EAA5FC /* TodoMainEmptyListView.swift in Sources */,
				CA3415732BB2575800EAA5FC /* TodoMainViewModel.swift in Sources */,
				CA34156D2BB24B6F00EAA5FC /* TodoMainView.swift in Sources */,
				CA34155C2BB24B1500EAA5FC /* TodoStudyTestApp.swift in Sources */,
			);
			runOnlyForDeploymentPostprocessing = 0;
		};
/* End PBXSourcesBuildPhase section */

/* Begin XCBuildConfiguration section */
		CA3415642BB24B1600EAA5FC /* Debug */ = {
			isa = XCBuildConfiguration;
			buildSettings = {
				ALWAYS_SEARCH_USER_PATHS = NO;
				ASSETCATALOG_COMPILER_GENERATE_SWIFT_ASSET_SYMBOL_EXTENSIONS = YES;
				CLANG_ANALYZER_NONNULL = YES;
				CLANG_ANALYZER_NUMBER_OBJECT_CONVERSION = YES_AGGRESSIVE;
				CLANG_CXX_LANGUAGE_STANDARD = "gnu++20";
				CLANG_ENABLE_MODULES = YES;
				CLANG_ENABLE_OBJC_ARC = YES;
				CLANG_ENABLE_OBJC_WEAK = YES;
				CLANG_WARN_BLOCK_CAPTURE_AUTORELEASING = YES;
				CLANG_WARN_BOOL_CONVERSION = YES;
				CLANG_WARN_COMMA = YES;
				CLANG_WARN_CONSTANT_CONVERSION = YES;
				CLANG_WARN_DEPRECATED_OBJC_IMPLEMENTATIONS = YES;
				CLANG_WARN_DIRECT_OBJC_ISA_USAGE = YES_ERROR;
				CLANG_WARN_DOCUMENTATION_COMMENTS = YES;
				CLANG_WARN_EMPTY_BODY = YES;
				CLANG_WARN_ENUM_CONVERSION = YES;
				CLANG_WARN_INFINITE_RECURSION = YES;
				CLANG_WARN_INT_CONVERSION = YES;
				CLANG_WARN_NON_LITERAL_NULL_CONVERSION = YES;
				CLANG_WARN_OBJC_IMPLICIT_RETAIN_SELF = YES;
				CLANG_WARN_OBJC_LITERAL_CONVERSION = YES;
				CLANG_WARN_OBJC_ROOT_CLASS = YES_ERROR;
				CLANG_WARN_QUOTED_INCLUDE_IN_FRAMEWORK_HEADER = YES;
				CLANG_WARN_RANGE_LOOP_ANALYSIS = YES;
				CLANG_WARN_STRICT_PROTOTYPES = YES;
				CLANG_WARN_SUSPICIOUS_MOVE = YES;
				CLANG_WARN_UNGUARDED_AVAILABILITY = YES_AGGRESSIVE;
				CLANG_WARN_UNREACHABLE_CODE = YES;
				CLANG_WARN__DUPLICATE_METHOD_MATCH = YES;
				COPY_PHASE_STRIP = NO;
				DEBUG_INFORMATION_FORMAT = dwarf;
				ENABLE_STRICT_OBJC_MSGSEND = YES;
				ENABLE_TESTABILITY = YES;
				ENABLE_USER_SCRIPT_SANDBOXING = YES;
				GCC_C_LANGUAGE_STANDARD = gnu17;
				GCC_DYNAMIC_NO_PIC = NO;
				GCC_NO_COMMON_BLOCKS = YES;
				GCC_OPTIMIZATION_LEVEL = 0;
				GCC_PREPROCESSOR_DEFINITIONS = (
					"DEBUG=1",
					"$(inherited)",
				);
				GCC_WARN_64_TO_32_BIT_CONVERSION = YES;
				GCC_WARN_ABOUT_RETURN_TYPE = YES_ERROR;
				GCC_WARN_UNDECLARED_SELECTOR = YES;
				GCC_WARN_UNINITIALIZED_AUTOS = YES_AGGRESSIVE;
				GCC_WARN_UNUSED_FUNCTION = YES;
				GCC_WARN_UNUSED_VARIABLE = YES;
				IPHONEOS_DEPLOYMENT_TARGET = 17.4;
				LOCALIZATION_PREFERS_STRING_CATALOGS = YES;
				MTL_ENABLE_DEBUG_INFO = INCLUDE_SOURCE;
				MTL_FAST_MATH = YES;
				ONLY_ACTIVE_ARCH = YES;
				SDKROOT = iphoneos;
				SWIFT_ACTIVE_COMPILATION_CONDITIONS = "DEBUG $(inherited)";
				SWIFT_OPTIMIZATION_LEVEL = "-Onone";
			};
			name = Debug;
		};
		CA3415652BB24B1600EAA5FC /* Release */ = {
			isa = XCBuildConfiguration;
			buildSettings = {
				ALWAYS_SEARCH_USER_PATHS = NO;
				ASSETCATALOG_COMPILER_GENERATE_SWIFT_ASSET_SYMBOL_EXTENSIONS = YES;
				CLANG_ANALYZER_NONNULL = YES;
				CLANG_ANALYZER_NUMBER_OBJECT_CONVERSION = YES_AGGRESSIVE;
				CLANG_CXX_LANGUAGE_STANDARD = "gnu++20";
				CLANG_ENABLE_MODULES = YES;
				CLANG_ENABLE_OBJC_ARC = YES;
				CLANG_ENABLE_OBJC_WEAK = YES;
				CLANG_WARN_BLOCK_CAPTURE_AUTORELEASING = YES;
				CLANG_WARN_BOOL_CONVERSION = YES;
				CLANG_WARN_COMMA = YES;
				CLANG_WARN_CONSTANT_CONVERSION = YES;
				CLANG_WARN_DEPRECATED_OBJC_IMPLEMENTATIONS = YES;
				CLANG_WARN_DIRECT_OBJC_ISA_USAGE = YES_ERROR;
				CLANG_WARN_DOCUMENTATION_COMMENTS = YES;
				CLANG_WARN_EMPTY_BODY = YES;
				CLANG_WARN_ENUM_CONVERSION = YES;
				CLANG_WARN_INFINITE_RECURSION = YES;
				CLANG_WARN_INT_CONVERSION = YES;
				CLANG_WARN_NON_LITERAL_NULL_CONVERSION = YES;
				CLANG_WARN_OBJC_IMPLICIT_RETAIN_SELF = YES;
				CLANG_WARN_OBJC_LITERAL_CONVERSION = YES;
				CLANG_WARN_OBJC_ROOT_CLASS = YES_ERROR;
				CLANG_WARN_QUOTED_INCLUDE_IN_FRAMEWORK_HEADER = YES;
				CLANG_WARN_RANGE_LOOP_ANALYSIS = YES;
				CLANG_WARN_STRICT_PROTOTYPES = YES;
				CLANG_WARN_SUSPICIOUS_MOVE = YES;
				CLANG_WARN_UNGUARDED_AVAILABILITY = YES_AGGRESSIVE;
				CLANG_WARN_UNREACHABLE_CODE = YES;
				CLANG_WARN__DUPLICATE_METHOD_MATCH = YES;
				COPY_PHASE_STRIP = NO;
				DEBUG_INFORMATION_FORMAT = "dwarf-with-dsym";
				ENABLE_NS_ASSERTIONS = NO;
				ENABLE_STRICT_OBJC_MSGSEND = YES;
				ENABLE_USER_SCRIPT_SANDBOXING = YES;
				GCC_C_LANGUAGE_STANDARD = gnu17;
				GCC_NO_COMMON_BLOCKS = YES;
				GCC_WARN_64_TO_32_BIT_CONVERSION = YES;
				GCC_WARN_ABOUT_RETURN_TYPE = YES_ERROR;
				GCC_WARN_UNDECLARED_SELECTOR = YES;
				GCC_WARN_UNINITIALIZED_AUTOS = YES_AGGRESSIVE;
				GCC_WARN_UNUSED_FUNCTION = YES;
				GCC_WARN_UNUSED_VARIABLE = YES;
				IPHONEOS_DEPLOYMENT_TARGET = 17.4;
				LOCALIZATION_PREFERS_STRING_CATALOGS = YES;
				MTL_ENABLE_DEBUG_INFO = NO;
				MTL_FAST_MATH = YES;
				SDKROOT = iphoneos;
				SWIFT_COMPILATION_MODE = wholemodule;
				VALIDATE_PRODUCT = YES;
			};
			name = Release;
		};
		CA3415672BB24B1600EAA5FC /* Debug */ = {
			isa = XCBuildConfiguration;
			buildSettings = {
				ASSETCATALOG_COMPILER_APPICON_NAME = AppIcon;
				ASSETCATALOG_COMPILER_GLOBAL_ACCENT_COLOR_NAME = AccentColor;
				CODE_SIGN_STYLE = Automatic;
				CURRENT_PROJECT_VERSION = 1;
				DEVELOPMENT_ASSET_PATHS = "\"TodoStudyTest/Preview Content\"";
				ENABLE_PREVIEWS = YES;
				GENERATE_INFOPLIST_FILE = YES;
				INFOPLIST_KEY_UIApplicationSceneManifest_Generation = YES;
				INFOPLIST_KEY_UIApplicationSupportsIndirectInputEvents = YES;
				INFOPLIST_KEY_UILaunchScreen_Generation = YES;
				INFOPLIST_KEY_UISupportedInterfaceOrientations_iPad = "UIInterfaceOrientationPortrait UIInterfaceOrientationPortraitUpsideDown UIInterfaceOrientationLandscapeLeft UIInterfaceOrientationLandscapeRight";
				INFOPLIST_KEY_UISupportedInterfaceOrientations_iPhone = "UIInterfaceOrientationPortrait UIInterfaceOrientationLandscapeLeft UIInterfaceOrientationLandscapeRight";
				LD_RUNPATH_SEARCH_PATHS = (
					"$(inherited)",
					"@executable_path/Frameworks",
				);
				MARKETING_VERSION = 1.0;
				PRODUCT_BUNDLE_IDENTIFIER = com.study.TodoStudyTest;
				PRODUCT_NAME = "$(TARGET_NAME)";
				SWIFT_EMIT_LOC_STRINGS = YES;
				SWIFT_VERSION = 5.0;
				TARGETED_DEVICE_FAMILY = "1,2";
			};
			name = Debug;
		};
		CA3415682BB24B1600EAA5FC /* Release */ = {
			isa = XCBuildConfiguration;
			buildSettings = {
				ASSETCATALOG_COMPILER_APPICON_NAME = AppIcon;
				ASSETCATALOG_COMPILER_GLOBAL_ACCENT_COLOR_NAME = AccentColor;
				CODE_SIGN_STYLE = Automatic;
				CURRENT_PROJECT_VERSION = 1;
				DEVELOPMENT_ASSET_PATHS = "\"TodoStudyTest/Preview Content\"";
				ENABLE_PREVIEWS = YES;
				GENERATE_INFOPLIST_FILE = YES;
				INFOPLIST_KEY_UIApplicationSceneManifest_Generation = YES;
				INFOPLIST_KEY_UIApplicationSupportsIndirectInputEvents = YES;
				INFOPLIST_KEY_UILaunchScreen_Generation = YES;
				INFOPLIST_KEY_UISupportedInterfaceOrientations_iPad = "UIInterfaceOrientationPortrait UIInterfaceOrientationPortraitUpsideDown UIInterfaceOrientationLandscapeLeft UIInterfaceOrientationLandscapeRight";
				INFOPLIST_KEY_UISupportedInterfaceOrientations_iPhone = "UIInterfaceOrientationPortrait UIInterfaceOrientationLandscapeLeft UIInterfaceOrientationLandscapeRight";
				LD_RUNPATH_SEARCH_PATHS = (
					"$(inherited)",
					"@executable_path/Frameworks",
				);
				MARKETING_VERSION = 1.0;
				PRODUCT_BUNDLE_IDENTIFIER = com.study.TodoStudyTest;
				PRODUCT_NAME = "$(TARGET_NAME)";
				SWIFT_EMIT_LOC_STRINGS = YES;
				SWIFT_VERSION = 5.0;
				TARGETED_DEVICE_FAMILY = "1,2";
			};
			name = Release;
		};
/* End XCBuildConfiguration section */

/* Begin XCConfigurationList section */
		CA3415532BB24B1500EAA5FC /* Build configuration list for PBXProject "TodoStudyTest" */ = {
			isa = XCConfigurationList;
			buildConfigurations = (
				CA3415642BB24B1600EAA5FC /* Debug */,
				CA3415652BB24B1600EAA5FC /* Release */,
			);
			defaultConfigurationIsVisible = 0;
			defaultConfigurationName = Release;
		};
		CA3415662BB24B1600EAA5FC /* Build configuration list for PBXNativeTarget "TodoStudyTest" */ = {
			isa = XCConfigurationList;
			buildConfigurations = (
				CA3415672BB24B1600EAA5FC /* Debug */,
				CA3415682BB24B1600EAA5FC /* Release */,
			);
			defaultConfigurationIsVisible = 0;
			defaultConfigurationName = Release;
		};
/* End XCConfigurationList section */
	};
	rootObject = CA3415502BB24B1500EAA5FC /* Project object */;
}
